
Microsoft Visual Studio Solution File, Format Version 12.00
# Visual Studio Version 17
VisualStudioVersion = 17.0.31903.59
MinimumVisualStudioVersion = 10.0.40219.1
Project("{FAE04EC0-301F-11D3-BF4B-00C04F79EFBC}") = "CurrencyService.Buisness", "CurrencyService.Buisness\CurrencyService.Buisness.csproj", "{E61175D3-196B-475C-99BD-389DA917A1E7}"
EndProject
Project("{FAE04EC0-301F-11D3-BF4B-00C04F79EFBC}") = "CurrencyService.DataAccess", "CurrencyService.DataAccess\CurrencyService.DataAccess.csproj", "{7332E2C4-2396-4ED3-B098-19E623F690C9}"
EndProject
Project("{FAE04EC0-301F-11D3-BF4B-00C04F79EFBC}") = "CurrencyService.Presentation", "CurrencyService.Presentation\CurrencyService.Presentation.csproj", "{DA7E99BE-F806-4E7F-9EBC-C43AF219B394}"
EndProject
Global
	GlobalSection(SolutionConfigurationPlatforms) = preSolution
		Debug|Any CPU = Debug|Any CPU
		Release|Any CPU = Release|Any CPU
	EndGlobalSection
	GlobalSection(SolutionProperties) = preSolution
		HideSolutionNode = FALSE
	EndGlobalSection
	GlobalSection(ProjectConfigurationPlatforms) = postSolution
		{E61175D3-196B-475C-99BD-389DA917A1E7}.Debug|Any CPU.ActiveCfg = Debug|Any CPU
		{E61175D3-196B-475C-99BD-389DA917A1E7}.Debug|Any CPU.Build.0 = Debug|Any CPU
		{E61175D3-196B-475C-99BD-389DA917A1E7}.Release|Any CPU.ActiveCfg = Release|Any CPU
		{E61175D3-196B-475C-99BD-389DA917A1E7}.Release|Any CPU.Build.0 = Release|Any CPU
		{7332E2C4-2396-4ED3-B098-19E623F690C9}.Debug|Any CPU.ActiveCfg = Debug|Any CPU
		{7332E2C4-2396-4ED3-B098-19E623F690C9}.Debug|Any CPU.Build.0 = Debug|Any CPU
		{7332E2C4-2396-4ED3-B098-19E623F690C9}.Release|Any CPU.ActiveCfg = Release|Any CPU
		{7332E2C4-2396-4ED3-B098-19E623F690C9}.Release|Any CPU.Build.0 = Release|Any CPU
		{DA7E99BE-F806-4E7F-9EBC-C43AF219B394}.Debug|Any CPU.ActiveCfg = Debug|Any CPU
		{DA7E99BE-F806-4E7F-9EBC-C43AF219B394}.Debug|Any CPU.Build.0 = Debug|Any CPU
		{DA7E99BE-F806-4E7F-9EBC-C43AF219B394}.Release|Any CPU.ActiveCfg = Release|Any CPU
		{DA7E99BE-F806-4E7F-9EBC-C43AF219B394}.Release|Any CPU.Build.0 = Release|Any CPU
	EndGlobalSection
EndGlobal
